# THIS IS AN AUTOGENERATED FILE. DO NOT EDIT THIS FILE DIRECTLY.
# yarn lockfile v1


"@esbuild/linux-loong64@0.15.6":
  version "0.15.6"
  resolved "https://registry.yarnpkg.com/@esbuild/linux-loong64/-/linux-loong64-0.15.6.tgz#45be4184f00e505411bc265a05e709764114acd8"
  integrity sha512-hqmVU2mUjH6J2ZivHphJ/Pdse2ZD+uGCHK0uvsiLDk/JnSedEVj77CiVUnbMKuU4tih1TZZL8tG9DExQg/GZsw==

"@types/node@12.20.55":
  version "12.20.55"
  resolved "https://registry.yarnpkg.com/@types/node/-/node-12.20.55.tgz#c329cbd434c42164f846b909bd6f85b5537f6240"
  integrity sha512-J8xLz7q2OFulZ2cyGTLE1TbbZcjpno7FaN6zdJNrgAdrJ+DZzh/uFR6YrTb4C+nXakvud8Q4+rbhoIWlYQbUFQ==

"@types/semver@^7.3.4":
  version "7.3.12"
  resolved "https://registry.yarnpkg.com/@types/semver/-/semver-7.3.12.tgz#920447fdd78d76b19de0438b7f60df3c4a80bf1c"
  integrity sha512-WwA1MW0++RfXmCr12xeYOOC5baSC9mSb0ZqCquFzKhcoF4TvHu5MKOuXsncgZcpVFhB1pXd5hZmM0ryAoCp12A==

coc.nvim@^0.0.82:
  version "0.0.82"
  resolved "https://registry.yarnpkg.com/coc.nvim/-/coc.nvim-0.0.82.tgz#5230e2eb17e8499a60a97b46d844f2d08c593b29"
  integrity sha512-+70ap6FH8FSdaQ0CPijaasQzg6ue84j4/LkX6ZSpALX7YKBcGGDkCcd6adgaC/86b/ZqT3iTTEbMh3mdaI5qPA==

esbuild-android-64@0.15.6:
  version "0.15.6"
  resolved "https://registry.yarnpkg.com/esbuild-android-64/-/esbuild-android-64-0.15.6.tgz#baaed943ca510c2ad546e116728132e76d1d2044"
  integrity sha512-Z1CHSgB1crVQi2LKSBwSkpaGtaloVz0ZIYcRMsvHc3uSXcR/x5/bv9wcZspvH/25lIGTaViosciS/NS09ERmVA==

esbuild-android-arm64@0.15.6:
  version "0.15.6"
  resolved "https://registry.yarnpkg.com/esbuild-android-arm64/-/esbuild-android-arm64-0.15.6.tgz#1c33c73d4c074969e014e31958116460c8e75a7a"
  integrity sha512-mvM+gqNxqKm2pCa3dnjdRzl7gIowuc4ga7P7c3yHzs58Im8v/Lfk1ixSgQ2USgIywT48QWaACRa3F4MG7djpSw==

esbuild-darwin-64@0.15.6:
  version "0.15.6"
  resolved "https://registry.yarnpkg.com/esbuild-darwin-64/-/esbuild-darwin-64-0.15.6.tgz#388592ba61bf31993d79f6311f7452aa1ef255b9"
  integrity sha512-BsfVt3usScAfGlXJiGtGamwVEOTM8AiYiw1zqDWhGv6BncLXCnTg1As+90mxWewdTZKq3iIy8s9g8CKkrrAXVw==

esbuild-darwin-arm64@0.15.6:
  version "0.15.6"
  resolved "https://registry.yarnpkg.com/esbuild-darwin-arm64/-/esbuild-darwin-arm64-0.15.6.tgz#194e987849dc4688654008a1792f26e948f52e74"
  integrity sha512-CnrAeJaEpPakUobhqO4wVSA4Zm6TPaI5UY4EsI62j9mTrjIyQPXA1n4Ju6Iu5TVZRnEqV6q8blodgYJ6CJuwCA==

esbuild-freebsd-64@0.15.6:
  version "0.15.6"
  resolved "https://registry.yarnpkg.com/esbuild-freebsd-64/-/esbuild-freebsd-64-0.15.6.tgz#daa72faee585ec2ec27cc65e86a6ce0786373e66"
  integrity sha512-+qFdmqi+jkAsxsNJkaWVrnxEUUI50nu6c3MBVarv3RCDCbz7ZS1a4ZrdkwEYFnKcVWu6UUE0Kkb1SQ1yGEG6sg==

esbuild-freebsd-arm64@0.15.6:
  version "0.15.6"
  resolved "https://registry.yarnpkg.com/esbuild-freebsd-arm64/-/esbuild-freebsd-arm64-0.15.6.tgz#70c8a2a30bf6bb9d547a0d8dc93aa015ec4f77f9"
  integrity sha512-KtQkQOhnNciXm2yrTYZMD3MOm2zBiiwFSU+dkwNbcfDumzzUprr1x70ClTdGuZwieBS1BM/k0KajRQX7r504Xw==

esbuild-linux-32@0.15.6:
  version "0.15.6"
  resolved "https://registry.yarnpkg.com/esbuild-linux-32/-/esbuild-linux-32-0.15.6.tgz#d69ed2335b2d68c00b3248254b432172077b7ced"
  integrity sha512-IAkDNz3TpxwISTGVdQijwyHBZrbFgLlRi5YXcvaEHtgbmayLSDcJmH5nV1MFgo/x2QdKcHBkOYHdjhKxUAcPwg==

esbuild-linux-64@0.15.6:
  version "0.15.6"
  resolved "https://registry.yarnpkg.com/esbuild-linux-64/-/esbuild-linux-64-0.15.6.tgz#dca821e8f129cccde23ac947fd0d4bea3b333808"
  integrity sha512-gQPksyrEYfA4LJwyfTQWAZaVZCx4wpaLrSzo2+Xc9QLC+i/sMWmX31jBjrn4nLJCd79KvwCinto36QC7BEIU/A==

esbuild-linux-arm64@0.15.6:
  version "0.15.6"
  resolved "https://registry.yarnpkg.com/esbuild-linux-arm64/-/esbuild-linux-arm64-0.15.6.tgz#c9e8bc86f3c58a7c8ff1ded5880c6a39ade7621b"
  integrity sha512-aovDkclFa6C9EdZVBuOXxqZx83fuoq8097xZKhEPSygwuy4Lxs8J4anHG7kojAsR+31lfUuxzOo2tHxv7EiNHA==

esbuild-linux-arm@0.15.6:
  version "0.15.6"
  resolved "https://registry.yarnpkg.com/esbuild-linux-arm/-/esbuild-linux-arm-0.15.6.tgz#354ecad0223f5b176995cf4462560eec2633de24"
  integrity sha512-xZ0Bq2aivsthDjA/ytQZzxrxIZbG0ATJYMJxNeOIBc1zUjpbVpzBKgllOZMsTSXMHFHGrow6TnCcgwqY0+oEoQ==

esbuild-linux-mips64le@0.15.6:
  version "0.15.6"
  resolved "https://registry.yarnpkg.com/esbuild-linux-mips64le/-/esbuild-linux-mips64le-0.15.6.tgz#f4fb941a4ff0af437deed69a2e0712983c8fff3e"
  integrity sha512-wVpW8wkWOGizsCqCwOR/G3SHwhaecpGy3fic9BF1r7vq4djLjUcA8KunDaBCjJ6TgLQFhJ98RjDuyEf8AGjAvw==

esbuild-linux-ppc64le@0.15.6:
  version "0.15.6"
  resolved "https://registry.yarnpkg.com/esbuild-linux-ppc64le/-/esbuild-linux-ppc64le-0.15.6.tgz#19774a8b52c77173f2d4f171b8a8cf839b12e686"
  integrity sha512-z6w6gsPH/Y77uchocluDC8tkCg9rfkcPTePzZKNr879bF4tu7j9t255wuNOCE396IYEGxY7y8u2HJ9i7kjCLVw==

esbuild-linux-riscv64@0.15.6:
  version "0.15.6"
  resolved "https://registry.yarnpkg.com/esbuild-linux-riscv64/-/esbuild-linux-riscv64-0.15.6.tgz#66bd83b065c4a1e623df02c122bc7e4e15fd8486"
  integrity sha512-pfK/3MJcmbfU399TnXW5RTPS1S+ID6ra+CVj9TFZ2s0q9Ja1F5A1VirUUvViPkjiw+Kq3zveyn6U09Wg1zJXrw==

esbuild-linux-s390x@0.15.6:
  version "0.15.6"
  resolved "https://registry.yarnpkg.com/esbuild-linux-s390x/-/esbuild-linux-s390x-0.15.6.tgz#1e024bddc75afe8dc70ed48fc9627af770d7f34b"
  integrity sha512-OZeeDu32liefcwAE63FhVqM4heWTC8E3MglOC7SK0KYocDdY/6jyApw0UDkDHlcEK9mW6alX/SH9r3PDjcCo/Q==

esbuild-netbsd-64@0.15.6:
  version "0.15.6"
  resolved "https://registry.yarnpkg.com/esbuild-netbsd-64/-/esbuild-netbsd-64-0.15.6.tgz#c11477d197f059c8794ee1691e3399201f7c4b9a"
  integrity sha512-kaxw61wcHMyiEsSsi5ut1YYs/hvTC2QkxJwyRvC2Cnsz3lfMLEu8zAjpBKWh9aU/N0O/gsRap4wTur5GRuSvBA==

esbuild-openbsd-64@0.15.6:
  version "0.15.6"
  resolved "https://registry.yarnpkg.com/esbuild-openbsd-64/-/esbuild-openbsd-64-0.15.6.tgz#b29e7faed5b8d2aeaf3884c47c1a96b1cba8e263"
  integrity sha512-CuoY60alzYfIZapUHqFXqXbj88bbRJu8Fp9okCSHRX2zWIcGz4BXAHXiG7dlCye5nFVrY72psesLuWdusyf2qw==

esbuild-sunos-64@0.15.6:
  version "0.15.6"
  resolved "https://registry.yarnpkg.com/esbuild-sunos-64/-/esbuild-sunos-64-0.15.6.tgz#9668f39e47179f50c0435040904b9c6e10e84a70"
  integrity sha512-1ceefLdPWcd1nW/ZLruPEYxeUEAVX0YHbG7w+BB4aYgfknaLGotI/ZvPWUZpzhC8l1EybrVlz++lm3E6ODIJOg==

esbuild-windows-32@0.15.6:
  version "0.15.6"
  resolved "https://registry.yarnpkg.com/esbuild-windows-32/-/esbuild-windows-32-0.15.6.tgz#9ddcd56e3c4fb9729a218c713c4e76bdbc1678b4"
  integrity sha512-pBqdOsKqCD5LRYiwF29PJRDJZi7/Wgkz46u3d17MRFmrLFcAZDke3nbdDa1c8YgY78RiemudfCeAemN8EBlIpA==

esbuild-windows-64@0.15.6:
  version "0.15.6"
  resolved "https://registry.yarnpkg.com/esbuild-windows-64/-/esbuild-windows-64-0.15.6.tgz#1eaadeadfd995e9d065d35cb3e9f02607202f339"
  integrity sha512-KpPOh4aTOo//g9Pk2oVAzXMpc9Sz9n5A9sZTmWqDSXCiiachfFhbuFlsKBGATYCVitXfmBIJ4nNYYWSOdz4hQg==

esbuild-windows-arm64@0.15.6:
  version "0.15.6"
  resolved "https://registry.yarnpkg.com/esbuild-windows-arm64/-/esbuild-windows-arm64-0.15.6.tgz#e18a778d354fc2ca2306688f3fedad8a3e57819e"
  integrity sha512-DB3G2x9OvFEa00jV+OkDBYpufq5x/K7a6VW6E2iM896DG4ZnAvJKQksOsCPiM1DUaa+DrijXAQ/ZOcKAqf/3Hg==

esbuild@^0.15.6:
  version "0.15.6"
  resolved "https://registry.yarnpkg.com/esbuild/-/esbuild-0.15.6.tgz#626e5941b98de506b862047be3c4b33f89278923"
  integrity sha512-sgLOv3l4xklvXzzczhRwKRotyrfyZ2i1fCS6PTOLPd9wevDPArGU8HFtHrHCOcsMwTjLjzGm15gvC8uxVzQf+w==
  optionalDependencies:
    "@esbuild/linux-loong64" "0.15.6"
    esbuild-android-64 "0.15.6"
    esbuild-android-arm64 "0.15.6"
    esbuild-darwin-64 "0.15.6"
    esbuild-darwin-arm64 "0.15.6"
    esbuild-freebsd-64 "0.15.6"
    esbuild-freebsd-arm64 "0.15.6"
    esbuild-linux-32 "0.15.6"
    esbuild-linux-64 "0.15.6"
    esbuild-linux-arm "0.15.6"
    esbuild-linux-arm64 "0.15.6"
    esbuild-linux-mips64le "0.15.6"
    esbuild-linux-ppc64le "0.15.6"
    esbuild-linux-riscv64 "0.15.6"
    esbuild-linux-s390x "0.15.6"
    esbuild-netbsd-64 "0.15.6"
    esbuild-openbsd-64 "0.15.6"
    esbuild-sunos-64 "0.15.6"
    esbuild-windows-32 "0.15.6"
    esbuild-windows-64 "0.15.6"
    esbuild-windows-arm64 "0.15.6"

lru-cache@^6.0.0:
  version "6.0.0"
  resolved "https://registry.yarnpkg.com/lru-cache/-/lru-cache-6.0.0.tgz#6d6fe6570ebd96aaf90fcad1dafa3b2566db3a94"
  integrity sha512-Jo6dJ04CmSjuznwJSS3pUeWmd/H0ffTlkXXgwZi+eq1UCmqQwCh+eLsYOYCwY991i2Fah4h1BEMCx4qThGbsiA==
  dependencies:
    yallist "^4.0.0"

semver@^7.3.5:
  version "7.3.7"
  resolved "https://registry.yarnpkg.com/semver/-/semver-7.3.7.tgz#12c5b649afdbf9049707796e22a4028814ce523f"
  integrity sha512-QlYTucUYOews+WeEujDoEGziz4K6c47V/Bd+LjSSYcA94p+DmINdf7ncaUinThfvZyu13lN9OY1XDxt8C0Tw0g==
  dependencies:
    lru-cache "^6.0.0"

typescript@^4.1.5:
  version "4.8.2"
  resolved "https://registry.yarnpkg.com/typescript/-/typescript-4.8.2.tgz#e3b33d5ccfb5914e4eeab6699cf208adee3fd790"
  integrity sha512-C0I1UsrrDHo2fYI5oaCGbSejwX4ch+9Y5jTQELvovfmFkK3HHSZJB8MSJcWLmCUBzQBchCrZ9rMRV6GuNrvGtw==

yallist@^4.0.0:
  version "4.0.0"
  resolved "https://registry.yarnpkg.com/yallist/-/yallist-4.0.0.tgz#9bb92790d9c0effec63be73519e11a35019a3a72"
  integrity sha512-3wdGidZyq5PB084XLES5TpOSRA3wjXAlIWMhum2kRcv/41Sn2emQ0dycQW4uZXLejwKvg6EsvbdlVL+FYEct7A==
